
Microsoft Visual Studio Solution File, Format Version 12.00
# Visual Studio Version 17
VisualStudioVersion = 17.14.36414.22 d17.14
MinimumVisualStudioVersion = 10.0.40219.1
Project("{8BC9CEB8-8B4A-11D0-8D11-00A0C91BC942}") = "luogu_18", "luogu_18\luogu_18.vcxproj", "{EC021811-E5CA-44A0-98B8-D0A21A009AF1}"
EndProject
Global
	GlobalSection(SolutionConfigurationPlatforms) = preSolution
		Debug|x64 = Debug|x64
		Debug|x86 = Debug|x86
		Release|x64 = Release|x64
		Release|x86 = Release|x86
	EndGlobalSection
	GlobalSection(ProjectConfigurationPlatforms) = postSolution
		{EC021811-E5CA-44A0-98B8-D0A21A009AF1}.Debug|x64.ActiveCfg = Debug|x64
		{EC021811-E5CA-44A0-98B8-D0A21A009AF1}.Debug|x64.Build.0 = Debug|x64
		{EC021811-E5CA-44A0-98B8-D0A21A009AF1}.Debug|x86.ActiveCfg = Debug|Win32
		{EC021811-E5CA-44A0-98B8-D0A21A009AF1}.Debug|x86.Build.0 = Debug|Win32
		{EC021811-E5CA-44A0-98B8-D0A21A009AF1}.Release|x64.ActiveCfg = Release|x64
		{EC021811-E5CA-44A0-98B8-D0A21A009AF1}.Release|x64.Build.0 = Release|x64
		{EC021811-E5CA-44A0-98B8-D0A21A009AF1}.Release|x86.ActiveCfg = Release|Win32
		{EC021811-E5CA-44A0-98B8-D0A21A009AF1}.Release|x86.Build.0 = Release|Win32
	EndGlobalSection
	GlobalSection(SolutionProperties) = preSolution
		HideSolutionNode = FALSE
	EndGlobalSection
	GlobalSection(ExtensibilityGlobals) = postSolution
		SolutionGuid = {D08B6C8F-B897-4CDF-B52D-1716F4336A79}
	EndGlobalSection
EndGlobal
