
Microsoft Visual Studio Solution File, Format Version 12.00
# Visual Studio Version 17
VisualStudioVersion = 17.14.36414.22 d17.14
MinimumVisualStudioVersion = 10.0.40219.1
Project("{8BC9CEB8-8B4A-11D0-8D11-00A0C91BC942}") = "luogu_15", "luogu_15\luogu_15.vcxproj", "{8659419D-B1B7-40E9-96AC-735DE6B5AC66}"
EndProject
Global
	GlobalSection(SolutionConfigurationPlatforms) = preSolution
		Debug|x64 = Debug|x64
		Debug|x86 = Debug|x86
		Release|x64 = Release|x64
		Release|x86 = Release|x86
	EndGlobalSection
	GlobalSection(ProjectConfigurationPlatforms) = postSolution
		{8659419D-B1B7-40E9-96AC-735DE6B5AC66}.Debug|x64.ActiveCfg = Debug|x64
		{8659419D-B1B7-40E9-96AC-735DE6B5AC66}.Debug|x64.Build.0 = Debug|x64
		{8659419D-B1B7-40E9-96AC-735DE6B5AC66}.Debug|x86.ActiveCfg = Debug|Win32
		{8659419D-B1B7-40E9-96AC-735DE6B5AC66}.Debug|x86.Build.0 = Debug|Win32
		{8659419D-B1B7-40E9-96AC-735DE6B5AC66}.Release|x64.ActiveCfg = Release|x64
		{8659419D-B1B7-40E9-96AC-735DE6B5AC66}.Release|x64.Build.0 = Release|x64
		{8659419D-B1B7-40E9-96AC-735DE6B5AC66}.Release|x86.ActiveCfg = Release|Win32
		{8659419D-B1B7-40E9-96AC-735DE6B5AC66}.Release|x86.Build.0 = Release|Win32
	EndGlobalSection
	GlobalSection(SolutionProperties) = preSolution
		HideSolutionNode = FALSE
	EndGlobalSection
	GlobalSection(ExtensibilityGlobals) = postSolution
		SolutionGuid = {D58F2CEC-0B6B-4B86-80B6-1902144A83B2}
	EndGlobalSection
EndGlobal
